
Microsoft Visual Studio Solution File, Format Version 12.00
# Visual Studio Version 17
VisualStudioVersion = 17.8.34316.72
MinimumVisualStudioVersion = 10.0.40219.1
Project("{9A19103F-16F7-4668-BE54-9A1E7A4F7556}") = "WyszukiwarkaOI-avalonia", "WyszukiwarkaOI-avalonia\WyszukiwarkaOI-avalonia.csproj", "{3C0928BE-2D47-494A-8A04-C1846A9A276C}"
EndProject
Project("{FAE04EC0-301F-11D3-BF4B-00C04F79EFBC}") = "WyszukiwarkaOI-webScraper", "WyszukiwarkaOI-webScraper\WyszukiwarkaOI-webScraper.csproj", "{312E6B5D-C654-4EFC-AC83-F15D6688271E}"
EndProject
Global
	GlobalSection(SolutionConfigurationPlatforms) = preSolution
		Debug|Any CPU = Debug|Any CPU
		Release|Any CPU = Release|Any CPU
	EndGlobalSection
	GlobalSection(ProjectConfigurationPlatforms) = postSolution
		{3C0928BE-2D47-494A-8A04-C1846A9A276C}.Debug|Any CPU.ActiveCfg = Debug|Any CPU
		{3C0928BE-2D47-494A-8A04-C1846A9A276C}.Debug|Any CPU.Build.0 = Debug|Any CPU
		{3C0928BE-2D47-494A-8A04-C1846A9A276C}.Release|Any CPU.ActiveCfg = Release|Any CPU
		{3C0928BE-2D47-494A-8A04-C1846A9A276C}.Release|Any CPU.Build.0 = Release|Any CPU
		{312E6B5D-C654-4EFC-AC83-F15D6688271E}.Debug|Any CPU.ActiveCfg = Debug|Any CPU
		{312E6B5D-C654-4EFC-AC83-F15D6688271E}.Debug|Any CPU.Build.0 = Debug|Any CPU
		{312E6B5D-C654-4EFC-AC83-F15D6688271E}.Release|Any CPU.ActiveCfg = Release|Any CPU
		{312E6B5D-C654-4EFC-AC83-F15D6688271E}.Release|Any CPU.Build.0 = Release|Any CPU
	EndGlobalSection
	GlobalSection(SolutionProperties) = preSolution
		HideSolutionNode = FALSE
	EndGlobalSection
	GlobalSection(ExtensibilityGlobals) = postSolution
		SolutionGuid = {913CE3C8-4B73-41CC-9EF4-089C3980451A}
	EndGlobalSection
EndGlobal
